# This file is automatically @generated by Poetry 1.8.2 and should not be changed by hand.

[[package]]
name = "evdev"
version = "1.7.0"
description = "Bindings to the Linux input handling subsystem"
optional = false
python-versions = ">=3.6"
files = [
    {file = "evdev-1.7.0.tar.gz", hash = "sha256:95bd2a1e0c6ce2cd7a2ecc6e6cd9736ff794b3ad5cb54d81d8cbc2e414d0b870"},
]

[metadata]
lock-version = "2.0"
python-versions = "^3.10, ^3.11"
content-hash = "d35c9a545398482e52893820ca66faea29fae570153325347d740af31a5ea063"
